
Microsoft Visual Studio Solution File, Format Version 12.00
# Visual Studio Version 17
VisualStudioVersion = 17.5.002.0
MinimumVisualStudioVersion = 10.0.40219.1
Project("{9A19103F-16F7-4668-BE54-9A1E7A4F7556}") = "Mais_Saude", "Mais_Saude\Mais_Saude.csproj", "{985E086D-D179-4E01-B24D-6355AEF301A9}"
EndProject
Global
	GlobalSection(SolutionConfigurationPlatforms) = preSolution
		Debug|Any CPU = Debug|Any CPU
		Release|Any CPU = Release|Any CPU
	EndGlobalSection
	GlobalSection(ProjectConfigurationPlatforms) = postSolution
		{985E086D-D179-4E01-B24D-6355AEF301A9}.Debug|Any CPU.ActiveCfg = Debug|Any CPU
		{985E086D-D179-4E01-B24D-6355AEF301A9}.Debug|Any CPU.Build.0 = Debug|Any CPU
		{985E086D-D179-4E01-B24D-6355AEF301A9}.Release|Any CPU.ActiveCfg = Release|Any CPU
		{985E086D-D179-4E01-B24D-6355AEF301A9}.Release|Any CPU.Build.0 = Release|Any CPU
	EndGlobalSection
	GlobalSection(SolutionProperties) = preSolution
		HideSolutionNode = FALSE
	EndGlobalSection
	GlobalSection(ExtensibilityGlobals) = postSolution
		SolutionGuid = {8578E1FB-A853-46F6-B3B3-5BABCC882158}
	EndGlobalSection
EndGlobal
